PODS:
  - assets (1.00003)
  - KY_SDK (1.7.3)
  - luajit (2.0.1)
  - OpenUDID (HEAD based on 1.0.0)
  - Reachability (3.1.1)
  - UMengAnalytics (2.2.1)

DEPENDENCIES:
  - assets (from `assets`)
  - KY_SDK (from `../KY_SDK`)
  - luajit (from `../../../cocos2d-x-2.1.5/scripting/lua/luajit/ios`)
  - OpenUDID (HEAD)
  - Reachability (~> 3.1.1)
  - UMengAnalytics (~> 2.2.1)

EXTERNAL SOURCES:
  assets:
    :path: assets
  KY_SDK:
    :path: "../KY_SDK"
  luajit:
    :path: "../../../cocos2d-x-2.1.5/scripting/lua/luajit/ios"

SPEC CHECKSUMS:
  assets: 02a4e59a78cbdf8ee6e9beab92124ccf983263b9
  KY_SDK: ae977aabe7ebf285ad84bf85c206369797ffe2ff
  luajit: d33c4394a0df4edf6eb453ca6b78062f48836b19
  OpenUDID: 5a23b7477755efc2d7871b57aa79ba3089c40b74
  Reachability: 8e9635e3cb4f98e7f825e51147f677ecc694d0e7
  UMengAnalytics: d4154135487c209b23698841e55f0fbd536d383b

COCOAPODS: 0.36.3
